// !$*UTF8*$!
{
	archiveVersion = 1;
	classes = {
	};
	objectVersion = 46;
	objects = {

/* Begin PBXBuildFile section */
		8F0994421BCF4A6C0075AC88 /* AppDelegate.swift in Sources */ = {isa = PBXBuildFile; fileRef = 8F0994411BCF4A6C0075AC88 /* AppDelegate.swift */; };
		8F0994441BCF4A6C0075AC88 /* ViewController.swift in Sources */ = {isa = PBXBuildFile; fileRef = 8F0994431BCF4A6C0075AC88 /* ViewController.swift */; };
		8F0994471BCF4A6C0075AC88 /* Main.storyboard in Resources */ = {isa = PBXBuildFile; fileRef = 8F0994451BCF4A6C0075AC88 /* Main.storyboard */; };
		8F0994491BCF4A6C0075AC88 /* Assets.xcassets in Resources */ = {isa = PBXBuildFile; fileRef = 8F0994481BCF4A6C0075AC88 /* Assets.xcassets */; };
		8F09944C1BCF4A6C0075AC88 /* LaunchScreen.storyboard in Resources */ = {isa = PBXBuildFile; fileRef = 8F09944A1BCF4A6C0075AC88 /* LaunchScreen.storyboard */; };
		8FF019D71BD04A6E00BC7805 /* dragImg.swift in Sources */ = {isa = PBXBuildFile; fileRef = 8FF019D61BD04A6E00BC7805 /* dragImg.swift */; settings = {ASSET_TAGS = (); }; };
		8FF019D91BD055CE00BC7805 /* Hero.swift in Sources */ = {isa = PBXBuildFile; fileRef = 8FF019D81BD055CE00BC7805 /* Hero.swift */; settings = {ASSET_TAGS = (); }; };
/* End PBXBuildFile section */

/* Begin PBXFileReference section */
		8F09943E1BCF4A6C0075AC88 /* GeoPet.app */ = {isa = PBXFileReference; explicitFileType = wrapper.application; includeInIndex = 0; path = GeoPet.app; sourceTree = BUILT_PRODUCTS_DIR; };
		8F0994411BCF4A6C0075AC88 /* AppDelegate.swift */ = {isa = PBXFileReference; lastKnownFileType = sourcecode.swift; path = AppDelegate.swift; sourceTree = "<group>"; };
		8F0994431BCF4A6C0075AC88 /* ViewController.swift */ = {isa = PBXFileReference; lastKnownFileType = sourcecode.swift; path = ViewController.swift; sourceTree = "<group>"; };
		8F0994461BCF4A6C0075AC88 /* Base */ = {isa = PBXFileReference; lastKnownFileType = file.storyboard; name = Base; path = Base.lproj/Main.storyboard; sourceTree = "<group>"; };
		8F0994481BCF4A6C0075AC88 /* Assets.xcassets */ = {isa = PBXFileReference; lastKnownFileType = folder.assetcatalog; path = Assets.xcassets; sourceTree = "<group>"; };
		8F09944B1BCF4A6C0075AC88 /* Base */ = {isa = PBXFileReference; lastKnownFileType = file.storyboard; name = Base; path = Base.lproj/LaunchScreen.storyboard; sourceTree = "<group>"; };
		8F09944D1BCF4A6C0075AC88 /* Info.plist */ = {isa = PBXFileReference; lastKnownFileType = text.plist.xml; path = Info.plist; sourceTree = "<group>"; };
		8FF019D61BD04A6E00BC7805 /* dragImg.swift */ = {isa = PBXFileReference; fileEncoding = 4; lastKnownFileType = sourcecode.swift; path = dragImg.swift; sourceTree = "<group>"; };
		8FF019D81BD055CE00BC7805 /* Hero.swift */ = {isa = PBXFileReference; fileEncoding = 4; lastKnownFileType = sourcecode.swift; path = Hero.swift; sourceTree = "<group>"; };
/* End PBXFileReference section */

/* Begin PBXFrameworksBuildPhase section */
		8F09943B1BCF4A6C0075AC88 /* Frameworks */ = {
			isa = PBXFrameworksBuildPhase;
			buildActionMask = 2147483647;
			files = (
			);
			runOnlyForDeploymentPostprocessing = 0;
		};
/* End PBXFrameworksBuildPhase section */

/* Begin PBXGroup section */
		8F0994351BCF4A6C0075AC88 = {
			isa = PBXGroup;
			children = (
				8F0994401BCF4A6C0075AC88 /* GeoPet */,
				8F09943F1BCF4A6C0075AC88 /* Products */,
			);
			sourceTree = "<group>";
		};
		8F09943F1BCF4A6C0075AC88 /* Products */ = {
			isa = PBXGroup;
			children = (
				8F09943E1BCF4A6C0075AC88 /* GeoPet.app */,
			);
			name = Products;
			sourceTree = "<group>";
		};
		8F0994401BCF4A6C0075AC88 /* GeoPet */ = {
			isa = PBXGroup;
			children = (
				8F0994411BCF4A6C0075AC88 /* AppDelegate.swift */,
				8F0994431BCF4A6C0075AC88 /* ViewController.swift */,
				8FF019D81BD055CE00BC7805 /* Hero.swift */,
				8FF019D61BD04A6E00BC7805 /* dragImg.swift */,
				8F0994451BCF4A6C0075AC88 /* Main.storyboard */,
				8F0994481BCF4A6C0075AC88 /* Assets.xcassets */,
				8F09944A1BCF4A6C0075AC88 /* LaunchScreen.storyboard */,
				8F09944D1BCF4A6C0075AC88 /* Info.plist */,
			);
			path = GeoPet;
			sourceTree = "<group>";
		};
/* End PBXGroup section */

/* Begin PBXNativeTarget section */
		8F09943D1BCF4A6C0075AC88 /* GeoPet */ = {
			isa = PBXNativeTarget;
			buildConfigurationList = 8F0994501BCF4A6C0075AC88 /* Build configuration list for PBXNativeTarget "GeoPet" */;
			buildPhases = (
				8F09943A1BCF4A6C0075AC88 /* Sources */,
				8F09943B1BCF4A6C0075AC88 /* Frameworks */,
				8F09943C1BCF4A6C0075AC88 /* Resources */,
			);
			buildRules = (
			);
			dependencies = (
			);
			name = GeoPet;
			productName = GeoPet;
			productReference = 8F09943E1BCF4A6C0075AC88 /* GeoPet.app */;
			productType = "com.apple.product-type.application";
		};
/* End PBXNativeTarget section */

/* Begin PBXProject section */
		8F0994361BCF4A6C0075AC88 /* Project object */ = {
			isa = PBXProject;
			attributes = {
				LastUpgradeCheck = 0700;
				ORGANIZATIONNAME = "Brad Gray";
				TargetAttributes = {
					8F09943D1BCF4A6C0075AC88 = {
						CreatedOnToolsVersion = 7.0;
					};
				};
			};
			buildConfigurationList = 8F0994391BCF4A6C0075AC88 /* Build configuration list for PBXProject "GeoPet" */;
			compatibilityVersion = "Xcode 3.2";
			developmentRegion = English;
			hasScannedForEncodings = 0;
			knownRegions = (
				en,
				Base,
			);
			mainGroup = 8F0994351BCF4A6C0075AC88;
			productRefGroup = 8F09943F1BCF4A6C0075AC88 /* Products */;
			projectDirPath = "";
			projectRoot = "";
			targets = (
				8F09943D1BCF4A6C0075AC88 /* GeoPet */,
			);
		};
/* End PBXProject section */

/* Begin PBXResourcesBuildPhase section */
		8F09943C1BCF4A6C0075AC88 /* Resources */ = {
			isa = PBXResourcesBuildPhase;
			buildActionMask = 2147483647;
			files = (
				8F09944C1BCF4A6C0075AC88 /* LaunchScreen.storyboard in Resources */,
				8F0994491BCF4A6C0075AC88 /* Assets.xcassets in Resources */,
				8F0994471BCF4A6C0075AC88 /* Main.storyboard in Resources */,
			);
			runOnlyForDeploymentPostprocessing = 0;
		};
/* End PBXResourcesBuildPhase section */

/* Begin PBXSourcesBuildPhase section */
		8F09943A1BCF4A6C0075AC88 /* Sources */ = {
			isa = PBXSourcesBuildPhase;
			buildActionMask = 2147483647;
			files = (
				8F0994441BCF4A6C0075AC88 /* ViewController.swift in Sources */,
				8FF019D71BD04A6E00BC7805 /* dragImg.swift in Sources */,
				8F0994421BCF4A6C0075AC88 /* AppDelegate.swift in Sources */,
				8FF019D91BD055CE00BC7805 /* Hero.swift in Sources */,
			);
			runOnlyForDeploymentPostprocessing = 0;
		};
/* End PBXSourcesBuildPhase section */

/* Begin PBXVariantGroup section */
		8F0994451BCF4A6C0075AC88 /* Main.storyboard */ = {
			isa = PBXVariantGroup;
			children = (
				8F0994461BCF4A6C0075AC88 /* Base */,
			);
			name = Main.storyboard;
			sourceTree = "<group>";
		};
		8F09944A1BCF4A6C0075AC88 /* LaunchScreen.storyboard */ = {
			isa = PBXVariantGroup;
			children = (
				8F09944B1BCF4A6C0075AC88 /* Base */,
			);
			name = LaunchScreen.storyboard;
			sourceTree = "<group>";
		};
/* End PBXVariantGroup section */

/* Begin XCBuildConfiguration section */
		8F09944E1BCF4A6C0075AC88 /* Debug */ = {
			isa = XCBuildConfiguration;
			buildSettings = {
				ALWAYS_SEARCH_USER_PATHS = NO;
				CLANG_CXX_LANGUAGE_STANDARD = "gnu++0x";
				CLANG_CXX_LIBRARY = "libc++";
				CLANG_ENABLE_MODULES = YES;
				CLANG_ENABLE_OBJC_ARC = YES;
				CLANG_WARN_BOOL_CONVERSION = YES;
				CLANG_WARN_CONSTANT_CONVERSION = YES;
				CLANG_WARN_DIRECT_OBJC_ISA_USAGE = YES_ERROR;
				CLANG_WARN_EMPTY_BODY = YES;
				CLANG_WARN_ENUM_CONVERSION = YES;
				CLANG_WARN_INT_CONVERSION = YES;
				CLANG_WARN_OBJC_ROOT_CLASS = YES_ERROR;
				CLANG_WARN_UNREACHABLE_CODE = YES;
				CLANG_WARN__DUPLICATE_METHOD_MATCH = YES;
				"CODE_SIGN_IDENTITY[sdk=iphoneos*]" = "iPhone Developer";
				COPY_PHASE_STRIP = NO;
				DEBUG_INFORMATION_FORMAT = dwarf;
				ENABLE_STRICT_OBJC_MSGSEND = YES;
				ENABLE_TESTABILITY = YES;
				GCC_C_LANGUAGE_STANDARD = gnu99;
				GCC_DYNAMIC_NO_PIC = NO;
				GCC_NO_COMMON_BLOCKS = YES;
				GCC_OPTIMIZATION_LEVEL = 0;
				GCC_PREPROCESSOR_DEFINITIONS = (
					"DEBUG=1",
					"$(inherited)",
				);
				GCC_WARN_64_TO_32_BIT_CONVERSION = YES;
				GCC_WARN_ABOUT_RETURN_TYPE = YES_ERROR;
				GCC_WARN_UNDECLARED_SELECTOR = YES;
				GCC_WARN_UNINITIALIZED_AUTOS = YES_AGGRESSIVE;
				GCC_WARN_UNUSED_FUNCTION = YES;
				GCC_WARN_UNUSED_VARIABLE = YES;
				IPHONEOS_DEPLOYMENT_TARGET = 9.0;
				MTL_ENABLE_DEBUG_INFO = YES;
				ONLY_ACTIVE_ARCH = YES;
				SDKROOT = iphoneos;
				SWIFT_OPTIMIZATION_LEVEL = "-Onone";
				TARGETED_DEVICE_FAMILY = "1,2";
			};
			name = Debug;
		};
		8F09944F1BCF4A6C0075AC88 /* Release */ = {
			isa = XCBuildConfiguration;
			buildSettings = {
				ALWAYS_SEARCH_USER_PATHS = NO;
				CLANG_CXX_LANGUAGE_STANDARD = "gnu++0x";
				CLANG_CXX_LIBRARY = "libc++";
				CLANG_ENABLE_MODULES = YES;
				CLANG_ENABLE_OBJC_ARC = YES;
				CLANG_WARN_BOOL_CONVERSION = YES;
				CLANG_WARN_CONSTANT_CONVERSION = YES;
				CLANG_WARN_DIRECT_OBJC_ISA_USAGE = YES_ERROR;
				CLANG_WARN_EMPTY_BODY = YES;
				CLANG_WARN_ENUM_CONVERSION = YES;
				CLANG_WARN_INT_CONVERSION = YES;
				CLANG_WARN_OBJC_ROOT_CLASS = YES_ERROR;
				CLANG_WARN_UNREACHABLE_CODE = YES;
				CLANG_WARN__DUPLICATE_METHOD_MATCH = YES;
				"CODE_SIGN_IDENTITY[sdk=iphoneos*]" = "iPhone Developer";
				COPY_PHASE_STRIP = NO;
				DEBUG_INFORMATION_FORMAT = "dwarf-with-dsym";
				ENABLE_NS_ASSERTIONS = NO;
				ENABLE_STRICT_OBJC_MSGSEND = YES;
				GCC_C_LANGUAGE_STANDARD = gnu99;
				GCC_NO_COMMON_BLOCKS = YES;
				GCC_WARN_64_TO_32_BIT_CONVERSION = YES;
				GCC_WARN_ABOUT_RETURN_TYPE = YES_ERROR;
				GCC_WARN_UNDECLARED_SELECTOR = YES;
				GCC_WARN_UNINITIALIZED_AUTOS = YES_AGGRESSIVE;
				GCC_WARN_UNUSED_FUNCTION = YES;
				GCC_WARN_UNUSED_VARIABLE = YES;
				IPHONEOS_DEPLOYMENT_TARGET = 9.0;
				MTL_ENABLE_DEBUG_INFO = NO;
				SDKROOT = iphoneos;
				TARGETED_DEVICE_FAMILY = "1,2";
				VALIDATE_PRODUCT = YES;
			};
			name = Release;
		};
		8F0994511BCF4A6C0075AC88 /* Debug */ = {
			isa = XCBuildConfiguration;
			buildSettings = {
				ASSETCATALOG_COMPILER_APPICON_NAME = AppIcon;
				INFOPLIST_FILE = GeoPet/Info.plist;
				LD_RUNPATH_SEARCH_PATHS = "$(inherited) @executable_path/Frameworks";
				PRODUCT_BUNDLE_IDENTIFIER = swiftgraydesign.GeoPet;
				PRODUCT_NAME = "$(TARGET_NAME)";
			};
			name = Debug;
		};
		8F0994521BCF4A6C0075AC88 /* Release */ = {
			isa = XCBuildConfiguration;
			buildSettings = {
				ASSETCATALOG_COMPILER_APPICON_NAME = AppIcon;
				INFOPLIST_FILE = GeoPet/Info.plist;
				LD_RUNPATH_SEARCH_PATHS = "$(inherited) @executable_path/Frameworks";
				PRODUCT_BUNDLE_IDENTIFIER = swiftgraydesign.GeoPet;
				PRODUCT_NAME = "$(TARGET_NAME)";
			};
			name = Release;
		};
/* End XCBuildConfiguration section */

/* Begin XCConfigurationList section */
		8F0994391BCF4A6C0075AC88 /* Build configuration list for PBXProject "GeoPet" */ = {
			isa = XCConfigurationList;
			buildConfigurations = (
				8F09944E1BCF4A6C0075AC88 /* Debug */,
				8F09944F1BCF4A6C0075AC88 /* Release */,
			);
			defaultConfigurationIsVisible = 0;
			defaultConfigurationName = Release;
		};
		8F0994501BCF4A6C0075AC88 /* Build configuration list for PBXNativeTarget "GeoPet" */ = {
			isa = XCConfigurationList;
			buildConfigurations = (
				8F0994511BCF4A6C0075AC88 /* Debug */,
				8F0994521BCF4A6C0075AC88 /* Release */,
			);
			defaultConfigurationIsVisible = 0;
			defaultConfigurationName = Release;
		};
/* End XCConfigurationList section */
	};
	rootObject = 8F0994361BCF4A6C0075AC88 /* Project object */;
}
